
Microsoft Visual Studio Solution File, Format Version 12.00
# Visual Studio Version 17
VisualStudioVersion = 17.2.32630.192
MinimumVisualStudioVersion = 10.0.40219.1
Project("{FAE04EC0-301F-11D3-BF4B-00C04F79EFBC}") = "WalletPlus.web", "WalletPlus.web\WalletPlus.web.csproj", "{3EBFFF85-26FE-4D7D-80C5-7C24B260BB1B}"
EndProject
Global
	GlobalSection(SolutionConfigurationPlatforms) = preSolution
		Debug|Any CPU = Debug|Any CPU
		Release|Any CPU = Release|Any CPU
	EndGlobalSection
	GlobalSection(ProjectConfigurationPlatforms) = postSolution
		{3EBFFF85-26FE-4D7D-80C5-7C24B260BB1B}.Debug|Any CPU.ActiveCfg = Debug|Any CPU
		{3EBFFF85-26FE-4D7D-80C5-7C24B260BB1B}.Debug|Any CPU.Build.0 = Debug|Any CPU
		{3EBFFF85-26FE-4D7D-80C5-7C24B260BB1B}.Release|Any CPU.ActiveCfg = Release|Any CPU
		{3EBFFF85-26FE-4D7D-80C5-7C24B260BB1B}.Release|Any CPU.Build.0 = Release|Any CPU
	EndGlobalSection
	GlobalSection(SolutionProperties) = preSolution
		HideSolutionNode = FALSE
	EndGlobalSection
	GlobalSection(ExtensibilityGlobals) = postSolution
		SolutionGuid = {35025C39-FBA9-49B0-94B6-560C62106267}
	EndGlobalSection
EndGlobal
